<Solution>
  <Project Path="SharpClaw.Modules.Providers.Anthropic/SharpClaw.Modules.Providers.Anthropic.csproj" />
  <Project Path="SharpClaw.Modules.Providers.Google/SharpClaw.Modules.Providers.Google.csproj" />
  <Project Path="SharpClaw.Modules.Providers.LlamaSharp/SharpClaw.Modules.Providers.LlamaSharp.csproj" />
  <Project Path="SharpClaw.Modules.Providers.Ollama/SharpClaw.Modules.Providers.Ollama.csproj" />
  <Project Path="SharpClaw.Modules.Providers.OpenAICompatible/SharpClaw.Modules.Providers.OpenAICompatible.csproj" />
  <Project Path="SharpClaw.ProviderIntegrations.Tests/SharpClaw.ProviderIntegrations.Tests.csproj" />
  <Project Path="SharpClaw.Providers.Common/SharpClaw.Providers.Common.csproj" />
  <Project Path="SharpClaw.Providers.LocalCommon/SharpClaw.Providers.LocalCommon.csproj" />
</Solution>
